
Microsoft Visual Studio Solution File, Format Version 12.00
# Visual Studio Version 17
VisualStudioVersion = 17.8.34330.188
MinimumVisualStudioVersion = 10.0.40219.1
Project("{FAE04EC0-301F-11D3-BF4B-00C04F79EFBC}") = "AdventureLand", "AdventureLand\AdventureLand.csproj", "{99A7A744-A8C8-4765-86EB-167601C6E045}"
EndProject
Global
	GlobalSection(SolutionConfigurationPlatforms) = preSolution
		Debug|Any CPU = Debug|Any CPU
		Release|Any CPU = Release|Any CPU
	EndGlobalSection
	GlobalSection(ProjectConfigurationPlatforms) = postSolution
		{99A7A744-A8C8-4765-86EB-167601C6E045}.Debug|Any CPU.ActiveCfg = Debug|Any CPU
		{99A7A744-A8C8-4765-86EB-167601C6E045}.Debug|Any CPU.Build.0 = Debug|Any CPU
		{99A7A744-A8C8-4765-86EB-167601C6E045}.Release|Any CPU.ActiveCfg = Release|Any CPU
		{99A7A744-A8C8-4765-86EB-167601C6E045}.Release|Any CPU.Build.0 = Release|Any CPU
	EndGlobalSection
	GlobalSection(SolutionProperties) = preSolution
		HideSolutionNode = FALSE
	EndGlobalSection
	GlobalSection(ExtensibilityGlobals) = postSolution
		SolutionGuid = {74EC6BB8-335A-4B0A-B872-8F8CCD9D6174}
	EndGlobalSection
EndGlobal
